
Microsoft Visual Studio Solution File, Format Version 12.00
# Visual Studio Version 17
VisualStudioVersion = 17.14.36511.14
MinimumVisualStudioVersion = 10.0.40219.1
Project("{2150E333-8FDC-42A3-9474-1A3956D46DE8}") = "src", "src", "{827E0CD3-B72D-47B6-A68D-7590B98EB39B}"
EndProject
Project("{FAE04EC0-301F-11D3-BF4B-00C04F79EFBC}") = "PoliticalPaths.Domain", "src\PoliticalPaths.Domain\PoliticalPaths.Domain.csproj", "{533FF863-D988-4105-99A7-35FA69E1D2DB}"
EndProject
Project("{FAE04EC0-301F-11D3-BF4B-00C04F79EFBC}") = "PoliticalPaths.Shared", "src\PoliticalPaths.Shared\PoliticalPaths.Shared.csproj", "{22EE579E-D165-44E7-BE4E-08E3B19B48AC}"
EndProject
Project("{FAE04EC0-301F-11D3-BF4B-00C04F79EFBC}") = "PoliticalPaths.Application", "src\PoliticalPaths.Application\PoliticalPaths.Application.csproj", "{54A99D80-C234-4191-B348-CF9B370D34F1}"
EndProject
Project("{FAE04EC0-301F-11D3-BF4B-00C04F79EFBC}") = "PoliticalPaths.Infrastructure", "src\PoliticalPaths.Infrastructure\PoliticalPaths.Infrastructure.csproj", "{6AE2A9D2-7F4F-45E1-9C84-E3F163A55CDB}"
EndProject
Project("{FAE04EC0-301F-11D3-BF4B-00C04F79EFBC}") = "PoliticalPaths.Importers.Raw", "src\PoliticalPaths.Importers.Raw\PoliticalPaths.Importers.Raw.csproj", "{71C6BDCC-9F76-4DFB-9B42-30AA944E40DB}"
EndProject
Project("{FAE04EC0-301F-11D3-BF4B-00C04F79EFBC}") = "PoliticalPaths.ImportWorker", "src\PoliticalPaths.ImportWorker\PoliticalPaths.ImportWorker.csproj", "{538AACBF-319B-497A-8C97-F47972077E1A}"
EndProject
Project("{FAE04EC0-301F-11D3-BF4B-00C04F79EFBC}") = "PoliticalPaths.Importers.Transform", "src\PoliticalPaths.Importers.Transform\PoliticalPaths.Importers.Transform.csproj", "{20E893B0-C686-4138-9D0A-4B1976CECF58}"
EndProject
Global
	GlobalSection(SolutionConfigurationPlatforms) = preSolution
		Debug|Any CPU = Debug|Any CPU
		Debug|x64 = Debug|x64
		Debug|x86 = Debug|x86
		Release|Any CPU = Release|Any CPU
		Release|x64 = Release|x64
		Release|x86 = Release|x86
	EndGlobalSection
	GlobalSection(ProjectConfigurationPlatforms) = postSolution
		{533FF863-D988-4105-99A7-35FA69E1D2DB}.Debug|Any CPU.ActiveCfg = Debug|Any CPU
		{533FF863-D988-4105-99A7-35FA69E1D2DB}.Debug|Any CPU.Build.0 = Debug|Any CPU
		{533FF863-D988-4105-99A7-35FA69E1D2DB}.Debug|x64.ActiveCfg = Debug|Any CPU
		{533FF863-D988-4105-99A7-35FA69E1D2DB}.Debug|x64.Build.0 = Debug|Any CPU
		{533FF863-D988-4105-99A7-35FA69E1D2DB}.Debug|x86.ActiveCfg = Debug|Any CPU
		{533FF863-D988-4105-99A7-35FA69E1D2DB}.Debug|x86.Build.0 = Debug|Any CPU
		{533FF863-D988-4105-99A7-35FA69E1D2DB}.Release|Any CPU.ActiveCfg = Release|Any CPU
		{533FF863-D988-4105-99A7-35FA69E1D2DB}.Release|Any CPU.Build.0 = Release|Any CPU
		{533FF863-D988-4105-99A7-35FA69E1D2DB}.Release|x64.ActiveCfg = Release|Any CPU
		{533FF863-D988-4105-99A7-35FA69E1D2DB}.Release|x64.Build.0 = Release|Any CPU
		{533FF863-D988-4105-99A7-35FA69E1D2DB}.Release|x86.ActiveCfg = Release|Any CPU
		{533FF863-D988-4105-99A7-35FA69E1D2DB}.Release|x86.Build.0 = Release|Any CPU
		{22EE579E-D165-44E7-BE4E-08E3B19B48AC}.Debug|Any CPU.ActiveCfg = Debug|Any CPU
		{22EE579E-D165-44E7-BE4E-08E3B19B48AC}.Debug|Any CPU.Build.0 = Debug|Any CPU
		{22EE579E-D165-44E7-BE4E-08E3B19B48AC}.Debug|x64.ActiveCfg = Debug|Any CPU
		{22EE579E-D165-44E7-BE4E-08E3B19B48AC}.Debug|x64.Build.0 = Debug|Any CPU
		{22EE579E-D165-44E7-BE4E-08E3B19B48AC}.Debug|x86.ActiveCfg = Debug|Any CPU
		{22EE579E-D165-44E7-BE4E-08E3B19B48AC}.Debug|x86.Build.0 = Debug|Any CPU
		{22EE579E-D165-44E7-BE4E-08E3B19B48AC}.Release|Any CPU.ActiveCfg = Release|Any CPU
		{22EE579E-D165-44E7-BE4E-08E3B19B48AC}.Release|Any CPU.Build.0 = Release|Any CPU
		{22EE579E-D165-44E7-BE4E-08E3B19B48AC}.Release|x64.ActiveCfg = Release|Any CPU
		{22EE579E-D165-44E7-BE4E-08E3B19B48AC}.Release|x64.Build.0 = Release|Any CPU
		{22EE579E-D165-44E7-BE4E-08E3B19B48AC}.Release|x86.ActiveCfg = Release|Any CPU
		{22EE579E-D165-44E7-BE4E-08E3B19B48AC}.Release|x86.Build.0 = Release|Any CPU
		{54A99D80-C234-4191-B348-CF9B370D34F1}.Debug|Any CPU.ActiveCfg = Debug|Any CPU
		{54A99D80-C234-4191-B348-CF9B370D34F1}.Debug|Any CPU.Build.0 = Debug|Any CPU
		{54A99D80-C234-4191-B348-CF9B370D34F1}.Debug|x64.ActiveCfg = Debug|Any CPU
		{54A99D80-C234-4191-B348-CF9B370D34F1}.Debug|x64.Build.0 = Debug|Any CPU
		{54A99D80-C234-4191-B348-CF9B370D34F1}.Debug|x86.ActiveCfg = Debug|Any CPU
		{54A99D80-C234-4191-B348-CF9B370D34F1}.Debug|x86.Build.0 = Debug|Any CPU
		{54A99D80-C234-4191-B348-CF9B370D34F1}.Release|Any CPU.ActiveCfg = Release|Any CPU
		{54A99D80-C234-4191-B348-CF9B370D34F1}.Release|Any CPU.Build.0 = Release|Any CPU
		{54A99D80-C234-4191-B348-CF9B370D34F1}.Release|x64.ActiveCfg = Release|Any CPU
		{54A99D80-C234-4191-B348-CF9B370D34F1}.Release|x64.Build.0 = Release|Any CPU
		{54A99D80-C234-4191-B348-CF9B370D34F1}.Release|x86.ActiveCfg = Release|Any CPU
		{54A99D80-C234-4191-B348-CF9B370D34F1}.Release|x86.Build.0 = Release|Any CPU
		{6AE2A9D2-7F4F-45E1-9C84-E3F163A55CDB}.Debug|Any CPU.ActiveCfg = Debug|Any CPU
		{6AE2A9D2-7F4F-45E1-9C84-E3F163A55CDB}.Debug|Any CPU.Build.0 = Debug|Any CPU
		{6AE2A9D2-7F4F-45E1-9C84-E3F163A55CDB}.Debug|x64.ActiveCfg = Debug|Any CPU
		{6AE2A9D2-7F4F-45E1-9C84-E3F163A55CDB}.Debug|x64.Build.0 = Debug|Any CPU
		{6AE2A9D2-7F4F-45E1-9C84-E3F163A55CDB}.Debug|x86.ActiveCfg = Debug|Any CPU
		{6AE2A9D2-7F4F-45E1-9C84-E3F163A55CDB}.Debug|x86.Build.0 = Debug|Any CPU
		{6AE2A9D2-7F4F-45E1-9C84-E3F163A55CDB}.Release|Any CPU.ActiveCfg = Release|Any CPU
		{6AE2A9D2-7F4F-45E1-9C84-E3F163A55CDB}.Release|Any CPU.Build.0 = Release|Any CPU
		{6AE2A9D2-7F4F-45E1-9C84-E3F163A55CDB}.Release|x64.ActiveCfg = Release|Any CPU
		{6AE2A9D2-7F4F-45E1-9C84-E3F163A55CDB}.Release|x64.Build.0 = Release|Any CPU
		{6AE2A9D2-7F4F-45E1-9C84-E3F163A55CDB}.Release|x86.ActiveCfg = Release|Any CPU
		{6AE2A9D2-7F4F-45E1-9C84-E3F163A55CDB}.Release|x86.Build.0 = Release|Any CPU
		{71C6BDCC-9F76-4DFB-9B42-30AA944E40DB}.Debug|Any CPU.ActiveCfg = Debug|Any CPU
		{71C6BDCC-9F76-4DFB-9B42-30AA944E40DB}.Debug|Any CPU.Build.0 = Debug|Any CPU
		{71C6BDCC-9F76-4DFB-9B42-30AA944E40DB}.Debug|x64.ActiveCfg = Debug|Any CPU
		{71C6BDCC-9F76-4DFB-9B42-30AA944E40DB}.Debug|x64.Build.0 = Debug|Any CPU
		{71C6BDCC-9F76-4DFB-9B42-30AA944E40DB}.Debug|x86.ActiveCfg = Debug|Any CPU
		{71C6BDCC-9F76-4DFB-9B42-30AA944E40DB}.Debug|x86.Build.0 = Debug|Any CPU
		{71C6BDCC-9F76-4DFB-9B42-30AA944E40DB}.Release|Any CPU.ActiveCfg = Release|Any CPU
		{71C6BDCC-9F76-4DFB-9B42-30AA944E40DB}.Release|Any CPU.Build.0 = Release|Any CPU
		{71C6BDCC-9F76-4DFB-9B42-30AA944E40DB}.Release|x64.ActiveCfg = Release|Any CPU
		{71C6BDCC-9F76-4DFB-9B42-30AA944E40DB}.Release|x64.Build.0 = Release|Any CPU
		{71C6BDCC-9F76-4DFB-9B42-30AA944E40DB}.Release|x86.ActiveCfg = Release|Any CPU
		{71C6BDCC-9F76-4DFB-9B42-30AA944E40DB}.Release|x86.Build.0 = Release|Any CPU
		{538AACBF-319B-497A-8C97-F47972077E1A}.Debug|Any CPU.ActiveCfg = Debug|Any CPU
		{538AACBF-319B-497A-8C97-F47972077E1A}.Debug|Any CPU.Build.0 = Debug|Any CPU
		{538AACBF-319B-497A-8C97-F47972077E1A}.Debug|x64.ActiveCfg = Debug|Any CPU
		{538AACBF-319B-497A-8C97-F47972077E1A}.Debug|x64.Build.0 = Debug|Any CPU
		{538AACBF-319B-497A-8C97-F47972077E1A}.Debug|x86.ActiveCfg = Debug|Any CPU
		{538AACBF-319B-497A-8C97-F47972077E1A}.Debug|x86.Build.0 = Debug|Any CPU
		{538AACBF-319B-497A-8C97-F47972077E1A}.Release|Any CPU.ActiveCfg = Release|Any CPU
		{538AACBF-319B-497A-8C97-F47972077E1A}.Release|Any CPU.Build.0 = Release|Any CPU
		{538AACBF-319B-497A-8C97-F47972077E1A}.Release|x64.ActiveCfg = Release|Any CPU
		{538AACBF-319B-497A-8C97-F47972077E1A}.Release|x64.Build.0 = Release|Any CPU
		{538AACBF-319B-497A-8C97-F47972077E1A}.Release|x86.ActiveCfg = Release|Any CPU
		{538AACBF-319B-497A-8C97-F47972077E1A}.Release|x86.Build.0 = Release|Any CPU
		{20E893B0-C686-4138-9D0A-4B1976CECF58}.Debug|Any CPU.ActiveCfg = Debug|Any CPU
		{20E893B0-C686-4138-9D0A-4B1976CECF58}.Debug|Any CPU.Build.0 = Debug|Any CPU
		{20E893B0-C686-4138-9D0A-4B1976CECF58}.Debug|x64.ActiveCfg = Debug|Any CPU
		{20E893B0-C686-4138-9D0A-4B1976CECF58}.Debug|x64.Build.0 = Debug|Any CPU
		{20E893B0-C686-4138-9D0A-4B1976CECF58}.Debug|x86.ActiveCfg = Debug|Any CPU
		{20E893B0-C686-4138-9D0A-4B1976CECF58}.Debug|x86.Build.0 = Debug|Any CPU
		{20E893B0-C686-4138-9D0A-4B1976CECF58}.Release|Any CPU.ActiveCfg = Release|Any CPU
		{20E893B0-C686-4138-9D0A-4B1976CECF58}.Release|Any CPU.Build.0 = Release|Any CPU
		{20E893B0-C686-4138-9D0A-4B1976CECF58}.Release|x64.ActiveCfg = Release|Any CPU
		{20E893B0-C686-4138-9D0A-4B1976CECF58}.Release|x64.Build.0 = Release|Any CPU
		{20E893B0-C686-4138-9D0A-4B1976CECF58}.Release|x86.ActiveCfg = Release|Any CPU
		{20E893B0-C686-4138-9D0A-4B1976CECF58}.Release|x86.Build.0 = Release|Any CPU
	EndGlobalSection
	GlobalSection(SolutionProperties) = preSolution
		HideSolutionNode = FALSE
	EndGlobalSection
	GlobalSection(NestedProjects) = preSolution
		{533FF863-D988-4105-99A7-35FA69E1D2DB} = {827E0CD3-B72D-47B6-A68D-7590B98EB39B}
		{22EE579E-D165-44E7-BE4E-08E3B19B48AC} = {827E0CD3-B72D-47B6-A68D-7590B98EB39B}
		{54A99D80-C234-4191-B348-CF9B370D34F1} = {827E0CD3-B72D-47B6-A68D-7590B98EB39B}
		{6AE2A9D2-7F4F-45E1-9C84-E3F163A55CDB} = {827E0CD3-B72D-47B6-A68D-7590B98EB39B}
		{71C6BDCC-9F76-4DFB-9B42-30AA944E40DB} = {827E0CD3-B72D-47B6-A68D-7590B98EB39B}
		{538AACBF-319B-497A-8C97-F47972077E1A} = {827E0CD3-B72D-47B6-A68D-7590B98EB39B}
		{20E893B0-C686-4138-9D0A-4B1976CECF58} = {827E0CD3-B72D-47B6-A68D-7590B98EB39B}
	EndGlobalSection
	GlobalSection(ExtensibilityGlobals) = postSolution
		SolutionGuid = {C564BADA-A762-4256-896E-28CE6B510043}
	EndGlobalSection
EndGlobal
